schema: '2.0'
stages:
  extract_item:
    cmd: python src/extract.py data/PBCs extracted/tender.csv
    deps:
    - path: data/PBCs
      hash: md5
      md5: a5a3fab38cb69b957ac5af643a1fc95c.dir
      size: 423832794
      nfiles: 655
    - path: src/extract.py
      hash: md5
      md5: 88234fc0cd9bb32415589a7b1775ec40
      size: 3936
    params:
      params.yaml:
        prompt: 'Extrae los items de la siguiente licitación, presentada en formato
          PDF:'
    outs:
    - path: extracted/tender.csv
      hash: md5
      md5: 6a4741ffe937e0aa51fa4c9808046e0b
      size: 2125149
